
Microsoft Visual Studio Solution File, Format Version 12.00
# Visual Studio 15
VisualStudioVersion = 15.0.27428.2043
MinimumVisualStudioVersion = 10.0.40219.1
Project("{FAE04EC0-301F-11D3-BF4B-00C04F79EFBC}") = "LucaMVC", "LucaMVC\LucaMVC.csproj", "{FFC5834B-876A-41AC-9149-14D25D21FAC1}"
EndProject
Project("{FAE04EC0-301F-11D3-BF4B-00C04F79EFBC}") = "LucaMVC.Tests", "LucaMVC.Tests\LucaMVC.Tests.csproj", "{D6C7E436-F23B-426F-895E-F745D9D748E5}"
EndProject
Global
	GlobalSection(SolutionConfigurationPlatforms) = preSolution
		Debug|Any CPU = Debug|Any CPU
		Release|Any CPU = Release|Any CPU
	EndGlobalSection
	GlobalSection(ProjectConfigurationPlatforms) = postSolution
		{FFC5834B-876A-41AC-9149-14D25D21FAC1}.Debug|Any CPU.ActiveCfg = Debug|Any CPU
		{FFC5834B-876A-41AC-9149-14D25D21FAC1}.Debug|Any CPU.Build.0 = Debug|Any CPU
		{FFC5834B-876A-41AC-9149-14D25D21FAC1}.Release|Any CPU.ActiveCfg = Release|Any CPU
		{FFC5834B-876A-41AC-9149-14D25D21FAC1}.Release|Any CPU.Build.0 = Release|Any CPU
		{D6C7E436-F23B-426F-895E-F745D9D748E5}.Debug|Any CPU.ActiveCfg = Debug|Any CPU
		{D6C7E436-F23B-426F-895E-F745D9D748E5}.Debug|Any CPU.Build.0 = Debug|Any CPU
		{D6C7E436-F23B-426F-895E-F745D9D748E5}.Release|Any CPU.ActiveCfg = Release|Any CPU
		{D6C7E436-F23B-426F-895E-F745D9D748E5}.Release|Any CPU.Build.0 = Release|Any CPU
	EndGlobalSection
	GlobalSection(SolutionProperties) = preSolution
		HideSolutionNode = FALSE
	EndGlobalSection
	GlobalSection(ExtensibilityGlobals) = postSolution
		SolutionGuid = {45D598E2-A421-403B-9492-AA44910AEFDF}
	EndGlobalSection
EndGlobal
